
Microsoft Visual Studio Solution File, Format Version 12.00
# Visual Studio 15
VisualStudioVersion = 15.0.28307.136
MinimumVisualStudioVersion = 10.0.40219.1
Project("{FAE04EC0-301F-11D3-BF4B-00C04F79EFBC}") = "KukaConnectROSE-AP", "KukaConnectROSE-AP\KukaConnectROSE-AP.csproj", "{965A9058-DE53-4D3E-8868-2BA9116CBDF8}"
EndProject
Global
	GlobalSection(SolutionConfigurationPlatforms) = preSolution
		Debug|Any CPU = Debug|Any CPU
		Release|Any CPU = Release|Any CPU
	EndGlobalSection
	GlobalSection(ProjectConfigurationPlatforms) = postSolution
		{965A9058-DE53-4D3E-8868-2BA9116CBDF8}.Debug|Any CPU.ActiveCfg = Debug|Any CPU
		{965A9058-DE53-4D3E-8868-2BA9116CBDF8}.Debug|Any CPU.Build.0 = Debug|Any CPU
		{965A9058-DE53-4D3E-8868-2BA9116CBDF8}.Release|Any CPU.ActiveCfg = Release|Any CPU
		{965A9058-DE53-4D3E-8868-2BA9116CBDF8}.Release|Any CPU.Build.0 = Release|Any CPU
	EndGlobalSection
	GlobalSection(SolutionProperties) = preSolution
		HideSolutionNode = FALSE
	EndGlobalSection
	GlobalSection(ExtensibilityGlobals) = postSolution
		SolutionGuid = {1B6E594F-557E-4387-81C1-2C0F4F69D8EA}
	EndGlobalSection
EndGlobal
